
Microsoft Visual Studio Solution File, Format Version 12.00
# Visual Studio 2015
Project("{FAE04EC0-301F-11D3-BF4B-00C04F79EFBC}") = "UGUIExtension.CSharp", "UGUIExtension.CSharp.csproj", "{4BC37989-2233-B261-3BFB-D752197B6D09}"
EndProject
Project("{FAE04EC0-301F-11D3-BF4B-00C04F79EFBC}") = "UGUIExtension.CSharp.Editor", "UGUIExtension.CSharp.Editor.csproj", "{0A6AC8CC-FEDE-0D01-2D29-876ACA783D43}"
EndProject
Global
	GlobalSection(SolutionConfigurationPlatforms) = preSolution
		Debug|Any CPU = Debug|Any CPU
		Release|Any CPU = Release|Any CPU
	EndGlobalSection
	GlobalSection(ProjectConfigurationPlatforms) = postSolution
		{4BC37989-2233-B261-3BFB-D752197B6D09}.Debug|Any CPU.ActiveCfg = Debug|Any CPU
		{4BC37989-2233-B261-3BFB-D752197B6D09}.Debug|Any CPU.Build.0 = Debug|Any CPU
		{4BC37989-2233-B261-3BFB-D752197B6D09}.Release|Any CPU.ActiveCfg = Release|Any CPU
		{4BC37989-2233-B261-3BFB-D752197B6D09}.Release|Any CPU.Build.0 = Release|Any CPU
		{0A6AC8CC-FEDE-0D01-2D29-876ACA783D43}.Debug|Any CPU.ActiveCfg = Debug|Any CPU
		{0A6AC8CC-FEDE-0D01-2D29-876ACA783D43}.Debug|Any CPU.Build.0 = Debug|Any CPU
		{0A6AC8CC-FEDE-0D01-2D29-876ACA783D43}.Release|Any CPU.ActiveCfg = Release|Any CPU
		{0A6AC8CC-FEDE-0D01-2D29-876ACA783D43}.Release|Any CPU.Build.0 = Release|Any CPU
	EndGlobalSection
	GlobalSection(SolutionProperties) = preSolution
		HideSolutionNode = FALSE
	EndGlobalSection
EndGlobal
