
Microsoft Visual Studio Solution File, Format Version 12.00
# Visual Studio 15
Project("{FAE04EC0-301F-11D3-BF4B-00C04F79EFBC}") = "Assembly-CSharp", "Assembly-CSharp.csproj", "{01E0622A-07EC-B988-D57E-EDDE2A5842A6}"
EndProject
Project("{FAE04EC0-301F-11D3-BF4B-00C04F79EFBC}") = "Assembly-CSharp-Editor", "Assembly-CSharp-Editor.csproj", "{336D2944-9663-BB18-8CCE-30CAA599C69F}"
EndProject
Global
	GlobalSection(SolutionConfigurationPlatforms) = preSolution
		Debug|Any CPU = Debug|Any CPU
		Release|Any CPU = Release|Any CPU
	EndGlobalSection
	GlobalSection(ProjectConfigurationPlatforms) = postSolution
		{01E0622A-07EC-B988-D57E-EDDE2A5842A6}.Debug|Any CPU.ActiveCfg = Debug|Any CPU
		{01E0622A-07EC-B988-D57E-EDDE2A5842A6}.Debug|Any CPU.Build.0 = Debug|Any CPU
		{01E0622A-07EC-B988-D57E-EDDE2A5842A6}.Release|Any CPU.ActiveCfg = Release|Any CPU
		{01E0622A-07EC-B988-D57E-EDDE2A5842A6}.Release|Any CPU.Build.0 = Release|Any CPU
		{336D2944-9663-BB18-8CCE-30CAA599C69F}.Debug|Any CPU.ActiveCfg = Debug|Any CPU
		{336D2944-9663-BB18-8CCE-30CAA599C69F}.Debug|Any CPU.Build.0 = Debug|Any CPU
		{336D2944-9663-BB18-8CCE-30CAA599C69F}.Release|Any CPU.ActiveCfg = Release|Any CPU
		{336D2944-9663-BB18-8CCE-30CAA599C69F}.Release|Any CPU.Build.0 = Release|Any CPU
	EndGlobalSection
	GlobalSection(SolutionProperties) = preSolution
		HideSolutionNode = FALSE
	EndGlobalSection
	GlobalSection(MonoDevelopProperties) = preSolution
		StartupItem = Assembly-CSharp.csproj
	EndGlobalSection
EndGlobal
